
Microsoft Visual Studio Solution File, Format Version 12.00
# Visual Studio 15
VisualStudioVersion = 15.0.26124.0
MinimumVisualStudioVersion = 15.0.26124.0
Project("{FAE04EC0-301F-11D3-BF4B-00C04F79EFBC}") = "MorseCode", "MorseCode\MorseCode.csproj", "{303D8FA4-2716-440D-AB4E-71B314222B3F}"
EndProject
Project("{FAE04EC0-301F-11D3-BF4B-00C04F79EFBC}") = "MorseCodeTest", "MorseCodeTest\MorseCodeTest.csproj", "{B0EE7BDF-BAD7-411A-AF9A-648D75ADB99E}"
EndProject
Global
	GlobalSection(SolutionConfigurationPlatforms) = preSolution
		Debug|Any CPU = Debug|Any CPU
		Debug|x64 = Debug|x64
		Debug|x86 = Debug|x86
		Release|Any CPU = Release|Any CPU
		Release|x64 = Release|x64
		Release|x86 = Release|x86
	EndGlobalSection
	GlobalSection(SolutionProperties) = preSolution
		HideSolutionNode = FALSE
	EndGlobalSection
	GlobalSection(ProjectConfigurationPlatforms) = postSolution
		{303D8FA4-2716-440D-AB4E-71B314222B3F}.Debug|Any CPU.ActiveCfg = Debug|Any CPU
		{303D8FA4-2716-440D-AB4E-71B314222B3F}.Debug|Any CPU.Build.0 = Debug|Any CPU
		{303D8FA4-2716-440D-AB4E-71B314222B3F}.Debug|x64.ActiveCfg = Debug|Any CPU
		{303D8FA4-2716-440D-AB4E-71B314222B3F}.Debug|x64.Build.0 = Debug|Any CPU
		{303D8FA4-2716-440D-AB4E-71B314222B3F}.Debug|x86.ActiveCfg = Debug|Any CPU
		{303D8FA4-2716-440D-AB4E-71B314222B3F}.Debug|x86.Build.0 = Debug|Any CPU
		{303D8FA4-2716-440D-AB4E-71B314222B3F}.Release|Any CPU.ActiveCfg = Release|Any CPU
		{303D8FA4-2716-440D-AB4E-71B314222B3F}.Release|Any CPU.Build.0 = Release|Any CPU
		{303D8FA4-2716-440D-AB4E-71B314222B3F}.Release|x64.ActiveCfg = Release|Any CPU
		{303D8FA4-2716-440D-AB4E-71B314222B3F}.Release|x64.Build.0 = Release|Any CPU
		{303D8FA4-2716-440D-AB4E-71B314222B3F}.Release|x86.ActiveCfg = Release|Any CPU
		{303D8FA4-2716-440D-AB4E-71B314222B3F}.Release|x86.Build.0 = Release|Any CPU
		{B0EE7BDF-BAD7-411A-AF9A-648D75ADB99E}.Debug|Any CPU.ActiveCfg = Debug|Any CPU
		{B0EE7BDF-BAD7-411A-AF9A-648D75ADB99E}.Debug|Any CPU.Build.0 = Debug|Any CPU
		{B0EE7BDF-BAD7-411A-AF9A-648D75ADB99E}.Debug|x64.ActiveCfg = Debug|Any CPU
		{B0EE7BDF-BAD7-411A-AF9A-648D75ADB99E}.Debug|x64.Build.0 = Debug|Any CPU
		{B0EE7BDF-BAD7-411A-AF9A-648D75ADB99E}.Debug|x86.ActiveCfg = Debug|Any CPU
		{B0EE7BDF-BAD7-411A-AF9A-648D75ADB99E}.Debug|x86.Build.0 = Debug|Any CPU
		{B0EE7BDF-BAD7-411A-AF9A-648D75ADB99E}.Release|Any CPU.ActiveCfg = Release|Any CPU
		{B0EE7BDF-BAD7-411A-AF9A-648D75ADB99E}.Release|Any CPU.Build.0 = Release|Any CPU
		{B0EE7BDF-BAD7-411A-AF9A-648D75ADB99E}.Release|x64.ActiveCfg = Release|Any CPU
		{B0EE7BDF-BAD7-411A-AF9A-648D75ADB99E}.Release|x64.Build.0 = Release|Any CPU
		{B0EE7BDF-BAD7-411A-AF9A-648D75ADB99E}.Release|x86.ActiveCfg = Release|Any CPU
		{B0EE7BDF-BAD7-411A-AF9A-648D75ADB99E}.Release|x86.Build.0 = Release|Any CPU
	EndGlobalSection
EndGlobal
